
Microsoft Visual Studio Solution File, Format Version 11.00
# Visual Studio 2010
Project("{FAE04EC0-301F-11D3-BF4B-00C04F79EFBC}") = "Assembly-CSharp", "Assembly-CSharp.csproj", "{79CCE854-EC9B-7473-4A6A-19A90DBDAACF}"
EndProject
Global
	GlobalSection(SolutionConfigurationPlatforms) = preSolution
		Debug|Any CPU = Debug|Any CPU
		Release|Any CPU = Release|Any CPU
	EndGlobalSection
	GlobalSection(ProjectConfigurationPlatforms) = postSolution
		{79CCE854-EC9B-7473-4A6A-19A90DBDAACF}.Debug|Any CPU.ActiveCfg = Debug|Any CPU
		{79CCE854-EC9B-7473-4A6A-19A90DBDAACF}.Debug|Any CPU.Build.0 = Debug|Any CPU
		{79CCE854-EC9B-7473-4A6A-19A90DBDAACF}.Release|Any CPU.ActiveCfg = Release|Any CPU
		{79CCE854-EC9B-7473-4A6A-19A90DBDAACF}.Release|Any CPU.Build.0 = Release|Any CPU
	EndGlobalSection
	GlobalSection(SolutionProperties) = preSolution
		HideSolutionNode = FALSE
	EndGlobalSection
	GlobalSection(MonoDevelopProperties) = preSolution
		StartupItem = Assembly-CSharp.csproj
	EndGlobalSection
EndGlobal
